
Microsoft Visual Studio Solution File, Format Version 12.00
# Visual Studio 15
VisualStudioVersion = 15.0.28307.539
MinimumVisualStudioVersion = 10.0.40219.1
Project("{FAE04EC0-301F-11D3-BF4B-00C04F79EFBC}") = "ListViewEventBubbles.Android", "ListViewEventBubbles\ListViewEventBubbles.Android\ListViewEventBubbles.Android.csproj", "{4597FB5A-8207-4E3D-B4E7-A2E625F98FC9}"
EndProject
Project("{FAE04EC0-301F-11D3-BF4B-00C04F79EFBC}") = "ListViewEventBubbles.iOS", "ListViewEventBubbles\ListViewEventBubbles.iOS\ListViewEventBubbles.iOS.csproj", "{D89EFE05-3378-4D4C-B80D-C3134B41EAEC}"
EndProject
Project("{FAE04EC0-301F-11D3-BF4B-00C04F79EFBC}") = "ListViewEventBubbles", "ListViewEventBubbles\ListViewEventBubbles\ListViewEventBubbles.csproj", "{56582032-953B-4B25-BD80-E214730ED617}"
EndProject
Global
	GlobalSection(SolutionConfigurationPlatforms) = preSolution
		Ad-Hoc|Any CPU = Ad-Hoc|Any CPU
		Ad-Hoc|iPhone = Ad-Hoc|iPhone
		Ad-Hoc|iPhoneSimulator = Ad-Hoc|iPhoneSimulator
		AppStore|Any CPU = AppStore|Any CPU
		AppStore|iPhone = AppStore|iPhone
		AppStore|iPhoneSimulator = AppStore|iPhoneSimulator
		Debug|Any CPU = Debug|Any CPU
		Debug|iPhone = Debug|iPhone
		Debug|iPhoneSimulator = Debug|iPhoneSimulator
		Release|Any CPU = Release|Any CPU
		Release|iPhone = Release|iPhone
		Release|iPhoneSimulator = Release|iPhoneSimulator
	EndGlobalSection
	GlobalSection(ProjectConfigurationPlatforms) = postSolution
		{4597FB5A-8207-4E3D-B4E7-A2E625F98FC9}.Ad-Hoc|Any CPU.ActiveCfg = Release|Any CPU
		{4597FB5A-8207-4E3D-B4E7-A2E625F98FC9}.Ad-Hoc|Any CPU.Build.0 = Release|Any CPU
		{4597FB5A-8207-4E3D-B4E7-A2E625F98FC9}.Ad-Hoc|Any CPU.Deploy.0 = Release|Any CPU
		{4597FB5A-8207-4E3D-B4E7-A2E625F98FC9}.Ad-Hoc|iPhone.ActiveCfg = Release|Any CPU
		{4597FB5A-8207-4E3D-B4E7-A2E625F98FC9}.Ad-Hoc|iPhone.Build.0 = Release|Any CPU
		{4597FB5A-8207-4E3D-B4E7-A2E625F98FC9}.Ad-Hoc|iPhone.Deploy.0 = Release|Any CPU
		{4597FB5A-8207-4E3D-B4E7-A2E625F98FC9}.Ad-Hoc|iPhoneSimulator.ActiveCfg = Release|Any CPU
		{4597FB5A-8207-4E3D-B4E7-A2E625F98FC9}.Ad-Hoc|iPhoneSimulator.Build.0 = Release|Any CPU
		{4597FB5A-8207-4E3D-B4E7-A2E625F98FC9}.Ad-Hoc|iPhoneSimulator.Deploy.0 = Release|Any CPU
		{4597FB5A-8207-4E3D-B4E7-A2E625F98FC9}.AppStore|Any CPU.ActiveCfg = Release|Any CPU
		{4597FB5A-8207-4E3D-B4E7-A2E625F98FC9}.AppStore|Any CPU.Build.0 = Release|Any CPU
		{4597FB5A-8207-4E3D-B4E7-A2E625F98FC9}.AppStore|Any CPU.Deploy.0 = Release|Any CPU
		{4597FB5A-8207-4E3D-B4E7-A2E625F98FC9}.AppStore|iPhone.ActiveCfg = Release|Any CPU
		{4597FB5A-8207-4E3D-B4E7-A2E625F98FC9}.AppStore|iPhone.Build.0 = Release|Any CPU
		{4597FB5A-8207-4E3D-B4E7-A2E625F98FC9}.AppStore|iPhone.Deploy.0 = Release|Any CPU
		{4597FB5A-8207-4E3D-B4E7-A2E625F98FC9}.AppStore|iPhoneSimulator.ActiveCfg = Release|Any CPU
		{4597FB5A-8207-4E3D-B4E7-A2E625F98FC9}.AppStore|iPhoneSimulator.Build.0 = Release|Any CPU
		{4597FB5A-8207-4E3D-B4E7-A2E625F98FC9}.AppStore|iPhoneSimulator.Deploy.0 = Release|Any CPU
		{4597FB5A-8207-4E3D-B4E7-A2E625F98FC9}.Debug|Any CPU.ActiveCfg = Debug|Any CPU
		{4597FB5A-8207-4E3D-B4E7-A2E625F98FC9}.Debug|Any CPU.Build.0 = Debug|Any CPU
		{4597FB5A-8207-4E3D-B4E7-A2E625F98FC9}.Debug|Any CPU.Deploy.0 = Debug|Any CPU
		{4597FB5A-8207-4E3D-B4E7-A2E625F98FC9}.Debug|iPhone.ActiveCfg = Debug|Any CPU
		{4597FB5A-8207-4E3D-B4E7-A2E625F98FC9}.Debug|iPhone.Build.0 = Debug|Any CPU
		{4597FB5A-8207-4E3D-B4E7-A2E625F98FC9}.Debug|iPhone.Deploy.0 = Debug|Any CPU
		{4597FB5A-8207-4E3D-B4E7-A2E625F98FC9}.Debug|iPhoneSimulator.ActiveCfg = Debug|Any CPU
		{4597FB5A-8207-4E3D-B4E7-A2E625F98FC9}.Debug|iPhoneSimulator.Build.0 = Debug|Any CPU
		{4597FB5A-8207-4E3D-B4E7-A2E625F98FC9}.Debug|iPhoneSimulator.Deploy.0 = Debug|Any CPU
		{4597FB5A-8207-4E3D-B4E7-A2E625F98FC9}.Release|Any CPU.ActiveCfg = Release|Any CPU
		{4597FB5A-8207-4E3D-B4E7-A2E625F98FC9}.Release|Any CPU.Build.0 = Release|Any CPU
		{4597FB5A-8207-4E3D-B4E7-A2E625F98FC9}.Release|Any CPU.Deploy.0 = Release|Any CPU
		{4597FB5A-8207-4E3D-B4E7-A2E625F98FC9}.Release|iPhone.ActiveCfg = Release|Any CPU
		{4597FB5A-8207-4E3D-B4E7-A2E625F98FC9}.Release|iPhone.Build.0 = Release|Any CPU
		{4597FB5A-8207-4E3D-B4E7-A2E625F98FC9}.Release|iPhone.Deploy.0 = Release|Any CPU
		{4597FB5A-8207-4E3D-B4E7-A2E625F98FC9}.Release|iPhoneSimulator.ActiveCfg = Release|Any CPU
		{4597FB5A-8207-4E3D-B4E7-A2E625F98FC9}.Release|iPhoneSimulator.Build.0 = Release|Any CPU
		{4597FB5A-8207-4E3D-B4E7-A2E625F98FC9}.Release|iPhoneSimulator.Deploy.0 = Release|Any CPU
		{D89EFE05-3378-4D4C-B80D-C3134B41EAEC}.Ad-Hoc|Any CPU.ActiveCfg = Ad-Hoc|iPhone
		{D89EFE05-3378-4D4C-B80D-C3134B41EAEC}.Ad-Hoc|Any CPU.Build.0 = Ad-Hoc|iPhone
		{D89EFE05-3378-4D4C-B80D-C3134B41EAEC}.Ad-Hoc|Any CPU.Deploy.0 = Ad-Hoc|iPhone
		{D89EFE05-3378-4D4C-B80D-C3134B41EAEC}.Ad-Hoc|iPhone.ActiveCfg = Ad-Hoc|iPhone
		{D89EFE05-3378-4D4C-B80D-C3134B41EAEC}.Ad-Hoc|iPhone.Build.0 = Ad-Hoc|iPhone
		{D89EFE05-3378-4D4C-B80D-C3134B41EAEC}.Ad-Hoc|iPhone.Deploy.0 = Ad-Hoc|iPhone
		{D89EFE05-3378-4D4C-B80D-C3134B41EAEC}.Ad-Hoc|iPhoneSimulator.ActiveCfg = Ad-Hoc|iPhoneSimulator
		{D89EFE05-3378-4D4C-B80D-C3134B41EAEC}.Ad-Hoc|iPhoneSimulator.Build.0 = Ad-Hoc|iPhoneSimulator
		{D89EFE05-3378-4D4C-B80D-C3134B41EAEC}.Ad-Hoc|iPhoneSimulator.Deploy.0 = Ad-Hoc|iPhoneSimulator
		{D89EFE05-3378-4D4C-B80D-C3134B41EAEC}.AppStore|Any CPU.ActiveCfg = AppStore|iPhone
		{D89EFE05-3378-4D4C-B80D-C3134B41EAEC}.AppStore|Any CPU.Build.0 = AppStore|iPhone
		{D89EFE05-3378-4D4C-B80D-C3134B41EAEC}.AppStore|Any CPU.Deploy.0 = AppStore|iPhone
		{D89EFE05-3378-4D4C-B80D-C3134B41EAEC}.AppStore|iPhone.ActiveCfg = AppStore|iPhone
		{D89EFE05-3378-4D4C-B80D-C3134B41EAEC}.AppStore|iPhone.Build.0 = AppStore|iPhone
		{D89EFE05-3378-4D4C-B80D-C3134B41EAEC}.AppStore|iPhone.Deploy.0 = AppStore|iPhone
		{D89EFE05-3378-4D4C-B80D-C3134B41EAEC}.AppStore|iPhoneSimulator.ActiveCfg = AppStore|iPhoneSimulator
		{D89EFE05-3378-4D4C-B80D-C3134B41EAEC}.AppStore|iPhoneSimulator.Build.0 = AppStore|iPhoneSimulator
		{D89EFE05-3378-4D4C-B80D-C3134B41EAEC}.AppStore|iPhoneSimulator.Deploy.0 = AppStore|iPhoneSimulator
		{D89EFE05-3378-4D4C-B80D-C3134B41EAEC}.Debug|Any CPU.ActiveCfg = Debug|iPhoneSimulator
		{D89EFE05-3378-4D4C-B80D-C3134B41EAEC}.Debug|Any CPU.Build.0 = Debug|iPhoneSimulator
		{D89EFE05-3378-4D4C-B80D-C3134B41EAEC}.Debug|Any CPU.Deploy.0 = Debug|iPhoneSimulator
		{D89EFE05-3378-4D4C-B80D-C3134B41EAEC}.Debug|iPhone.ActiveCfg = Debug|iPhone
		{D89EFE05-3378-4D4C-B80D-C3134B41EAEC}.Debug|iPhone.Build.0 = Debug|iPhone
		{D89EFE05-3378-4D4C-B80D-C3134B41EAEC}.Debug|iPhone.Deploy.0 = Debug|iPhone
		{D89EFE05-3378-4D4C-B80D-C3134B41EAEC}.Debug|iPhoneSimulator.ActiveCfg = Debug|iPhoneSimulator
		{D89EFE05-3378-4D4C-B80D-C3134B41EAEC}.Debug|iPhoneSimulator.Build.0 = Debug|iPhoneSimulator
		{D89EFE05-3378-4D4C-B80D-C3134B41EAEC}.Debug|iPhoneSimulator.Deploy.0 = Debug|iPhoneSimulator
		{D89EFE05-3378-4D4C-B80D-C3134B41EAEC}.Release|Any CPU.ActiveCfg = Release|iPhone
		{D89EFE05-3378-4D4C-B80D-C3134B41EAEC}.Release|Any CPU.Build.0 = Release|iPhone
		{D89EFE05-3378-4D4C-B80D-C3134B41EAEC}.Release|Any CPU.Deploy.0 = Release|iPhone
		{D89EFE05-3378-4D4C-B80D-C3134B41EAEC}.Release|iPhone.ActiveCfg = Release|iPhone
		{D89EFE05-3378-4D4C-B80D-C3134B41EAEC}.Release|iPhone.Build.0 = Release|iPhone
		{D89EFE05-3378-4D4C-B80D-C3134B41EAEC}.Release|iPhone.Deploy.0 = Release|iPhone
		{D89EFE05-3378-4D4C-B80D-C3134B41EAEC}.Release|iPhoneSimulator.ActiveCfg = Release|iPhoneSimulator
		{D89EFE05-3378-4D4C-B80D-C3134B41EAEC}.Release|iPhoneSimulator.Build.0 = Release|iPhoneSimulator
		{D89EFE05-3378-4D4C-B80D-C3134B41EAEC}.Release|iPhoneSimulator.Deploy.0 = Release|iPhoneSimulator
		{56582032-953B-4B25-BD80-E214730ED617}.Ad-Hoc|Any CPU.ActiveCfg = Debug|Any CPU
		{56582032-953B-4B25-BD80-E214730ED617}.Ad-Hoc|Any CPU.Build.0 = Debug|Any CPU
		{56582032-953B-4B25-BD80-E214730ED617}.Ad-Hoc|Any CPU.Deploy.0 = Debug|Any CPU
		{56582032-953B-4B25-BD80-E214730ED617}.Ad-Hoc|iPhone.ActiveCfg = Debug|Any CPU
		{56582032-953B-4B25-BD80-E214730ED617}.Ad-Hoc|iPhone.Build.0 = Debug|Any CPU
		{56582032-953B-4B25-BD80-E214730ED617}.Ad-Hoc|iPhone.Deploy.0 = Debug|Any CPU
		{56582032-953B-4B25-BD80-E214730ED617}.Ad-Hoc|iPhoneSimulator.ActiveCfg = Debug|Any CPU
		{56582032-953B-4B25-BD80-E214730ED617}.Ad-Hoc|iPhoneSimulator.Build.0 = Debug|Any CPU
		{56582032-953B-4B25-BD80-E214730ED617}.Ad-Hoc|iPhoneSimulator.Deploy.0 = Debug|Any CPU
		{56582032-953B-4B25-BD80-E214730ED617}.AppStore|Any CPU.ActiveCfg = Debug|Any CPU
		{56582032-953B-4B25-BD80-E214730ED617}.AppStore|Any CPU.Build.0 = Debug|Any CPU
		{56582032-953B-4B25-BD80-E214730ED617}.AppStore|Any CPU.Deploy.0 = Debug|Any CPU
		{56582032-953B-4B25-BD80-E214730ED617}.AppStore|iPhone.ActiveCfg = Debug|Any CPU
		{56582032-953B-4B25-BD80-E214730ED617}.AppStore|iPhone.Build.0 = Debug|Any CPU
		{56582032-953B-4B25-BD80-E214730ED617}.AppStore|iPhone.Deploy.0 = Debug|Any CPU
		{56582032-953B-4B25-BD80-E214730ED617}.AppStore|iPhoneSimulator.ActiveCfg = Debug|Any CPU
		{56582032-953B-4B25-BD80-E214730ED617}.AppStore|iPhoneSimulator.Build.0 = Debug|Any CPU
		{56582032-953B-4B25-BD80-E214730ED617}.AppStore|iPhoneSimulator.Deploy.0 = Debug|Any CPU
		{56582032-953B-4B25-BD80-E214730ED617}.Debug|Any CPU.ActiveCfg = Debug|Any CPU
		{56582032-953B-4B25-BD80-E214730ED617}.Debug|Any CPU.Build.0 = Debug|Any CPU
		{56582032-953B-4B25-BD80-E214730ED617}.Debug|Any CPU.Deploy.0 = Debug|Any CPU
		{56582032-953B-4B25-BD80-E214730ED617}.Debug|iPhone.ActiveCfg = Debug|Any CPU
		{56582032-953B-4B25-BD80-E214730ED617}.Debug|iPhone.Build.0 = Debug|Any CPU
		{56582032-953B-4B25-BD80-E214730ED617}.Debug|iPhone.Deploy.0 = Debug|Any CPU
		{56582032-953B-4B25-BD80-E214730ED617}.Debug|iPhoneSimulator.ActiveCfg = Debug|Any CPU
		{56582032-953B-4B25-BD80-E214730ED617}.Debug|iPhoneSimulator.Build.0 = Debug|Any CPU
		{56582032-953B-4B25-BD80-E214730ED617}.Debug|iPhoneSimulator.Deploy.0 = Debug|Any CPU
		{56582032-953B-4B25-BD80-E214730ED617}.Release|Any CPU.ActiveCfg = Release|Any CPU
		{56582032-953B-4B25-BD80-E214730ED617}.Release|Any CPU.Build.0 = Release|Any CPU
		{56582032-953B-4B25-BD80-E214730ED617}.Release|Any CPU.Deploy.0 = Release|Any CPU
		{56582032-953B-4B25-BD80-E214730ED617}.Release|iPhone.ActiveCfg = Release|Any CPU
		{56582032-953B-4B25-BD80-E214730ED617}.Release|iPhone.Build.0 = Release|Any CPU
		{56582032-953B-4B25-BD80-E214730ED617}.Release|iPhone.Deploy.0 = Release|Any CPU
		{56582032-953B-4B25-BD80-E214730ED617}.Release|iPhoneSimulator.ActiveCfg = Release|Any CPU
		{56582032-953B-4B25-BD80-E214730ED617}.Release|iPhoneSimulator.Build.0 = Release|Any CPU
		{56582032-953B-4B25-BD80-E214730ED617}.Release|iPhoneSimulator.Deploy.0 = Release|Any CPU
	EndGlobalSection
	GlobalSection(SolutionProperties) = preSolution
		HideSolutionNode = FALSE
	EndGlobalSection
	GlobalSection(ExtensibilityGlobals) = postSolution
		SolutionGuid = {E4E67963-61EC-47F4-8564-7BDC378A1FBE}
	EndGlobalSection
EndGlobal
